{
	"requires": true,
	"lockfileVersion": 1,
	"dependencies": {
		"bootstrap-css-modules": {
			"version": "4.2.0",
			"resolved": "https://registry.npmjs.org/bootstrap-css-modules/-/bootstrap-css-modules-4.2.0.tgz",
			"integrity": "sha512-78wvZ4tmRQsT8P72bcj0VhrwG813Mb7k2vvaDuxOkMt8R3sM5TTQ2TzUKAHyHSWE/VjyrZdfA26+YnagwRNrxw=="
		}
	}
}
